
Microsoft Visual Studio Solution File, Format Version 12.00
# Visual Studio Version 16
VisualStudioVersion = 16.0.30907.101
MinimumVisualStudioVersion = 10.0.40219.1
Project("{8BC9CEB8-8B4A-11D0-8D11-00A0C91BC942}") = "GreeterStaticLib", "GreeterStaticLib.vcxproj", "{21B4C305-F5D1-4450-ABDB-4D1CDF89D831}"
EndProject
Project("{8BC9CEB8-8B4A-11D0-8D11-00A0C91BC942}") = "GreeterClient", "GreeterClient\GreeterClient.vcxproj", "{518E770C-DC66-43A6-9232-63566EC174B5}"
EndProject
Global
	GlobalSection(SolutionConfigurationPlatforms) = preSolution
		Debug|x64 = Debug|x64
		Debug|x86 = Debug|x86
		Release|x64 = Release|x64
		Release|x86 = Release|x86
	EndGlobalSection
	GlobalSection(ProjectConfigurationPlatforms) = postSolution
		{21B4C305-F5D1-4450-ABDB-4D1CDF89D831}.Debug|x64.ActiveCfg = Debug|x64
		{21B4C305-F5D1-4450-ABDB-4D1CDF89D831}.Debug|x64.Build.0 = Debug|x64
		{21B4C305-F5D1-4450-ABDB-4D1CDF89D831}.Debug|x86.ActiveCfg = Debug|Win32
		{21B4C305-F5D1-4450-ABDB-4D1CDF89D831}.Debug|x86.Build.0 = Debug|Win32
		{21B4C305-F5D1-4450-ABDB-4D1CDF89D831}.Release|x64.ActiveCfg = Release|x64
		{21B4C305-F5D1-4450-ABDB-4D1CDF89D831}.Release|x64.Build.0 = Release|x64
		{21B4C305-F5D1-4450-ABDB-4D1CDF89D831}.Release|x86.ActiveCfg = Release|Win32
		{21B4C305-F5D1-4450-ABDB-4D1CDF89D831}.Release|x86.Build.0 = Release|Win32
		{518E770C-DC66-43A6-9232-63566EC174B5}.Debug|x64.ActiveCfg = Debug|x64
		{518E770C-DC66-43A6-9232-63566EC174B5}.Debug|x64.Build.0 = Debug|x64
		{518E770C-DC66-43A6-9232-63566EC174B5}.Debug|x86.ActiveCfg = Debug|Win32
		{518E770C-DC66-43A6-9232-63566EC174B5}.Debug|x86.Build.0 = Debug|Win32
		{518E770C-DC66-43A6-9232-63566EC174B5}.Release|x64.ActiveCfg = Release|x64
		{518E770C-DC66-43A6-9232-63566EC174B5}.Release|x64.Build.0 = Release|x64
		{518E770C-DC66-43A6-9232-63566EC174B5}.Release|x86.ActiveCfg = Release|Win32
		{518E770C-DC66-43A6-9232-63566EC174B5}.Release|x86.Build.0 = Release|Win32
	EndGlobalSection
	GlobalSection(SolutionProperties) = preSolution
		HideSolutionNode = FALSE
	EndGlobalSection
	GlobalSection(ExtensibilityGlobals) = postSolution
		SolutionGuid = {D2E911E5-16BE-49BB-A77B-234399A69972}
	EndGlobalSection
EndGlobal
